<Solution>
  <Folder Name="/src/">
    <Project Path="src/AuditLogService.API/AuditLogService.API.csproj" />
    <Project Path="src/AuditLogService.Application/AuditLogService.Application.csproj" />
    <Project Path="src/AuditLogService.Domain/AuditLogService.Domain.csproj" />
    <Project Path="src/AuditLogService.Infrastructure/AuditLogService.Infrastructure.csproj" />
  </Folder>
</Solution>
