
Microsoft Visual Studio Solution File, Format Version 12.00
# Visual Studio Version 18
VisualStudioVersion = 18.5.11801.241 oobstable
MinimumVisualStudioVersion = 10.0.40219.1
Project("{FAE04EC0-301F-11D3-BF4B-00C04F79EFBC}") = "DistributedBankingPlatform.LoadRunner", "DistributedBankingPlatform.LoadRunner.csproj", "{427266B3-D00E-B3AB-FBE9-C17573577F5B}"
EndProject
Global
	GlobalSection(SolutionConfigurationPlatforms) = preSolution
		Debug|Any CPU = Debug|Any CPU
		Release|Any CPU = Release|Any CPU
	EndGlobalSection
	GlobalSection(ProjectConfigurationPlatforms) = postSolution
		{427266B3-D00E-B3AB-FBE9-C17573577F5B}.Debug|Any CPU.ActiveCfg = Debug|Any CPU
		{427266B3-D00E-B3AB-FBE9-C17573577F5B}.Debug|Any CPU.Build.0 = Debug|Any CPU
		{427266B3-D00E-B3AB-FBE9-C17573577F5B}.Release|Any CPU.ActiveCfg = Release|Any CPU
		{427266B3-D00E-B3AB-FBE9-C17573577F5B}.Release|Any CPU.Build.0 = Release|Any CPU
	EndGlobalSection
	GlobalSection(SolutionProperties) = preSolution
		HideSolutionNode = FALSE
	EndGlobalSection
	GlobalSection(ExtensibilityGlobals) = postSolution
		SolutionGuid = {1C933299-2026-4427-8003-692DB486B76C}
	EndGlobalSection
EndGlobal
